{
  "name": "integral-calculator-test",
  "version": "1.0.0",
  "lockfileVersion": 3,
  "requires": true,
  "packages": {
    "": {
      "name": "integral-calculator-test",
      "version": "1.0.0",
      "dependencies": {
        "nerdamer": "1.1.13"
      }
    },
    "node_modules/nerdamer": {
      "version": "1.1.13",
      "resolved": "https://registry.npmjs.org/nerdamer/-/nerdamer-1.1.13.tgz",
      "integrity": "sha512-kQGQYd42eQpKDOnU8ZnRKF47c+gK6jVC46eUchrABsovtFruHvsjyjBO32jck8QnpZE5z5R8HQw72hQX9Oq2MQ==",
      "license": "MIT",
      "engines": {
        "node": ">=0.10.0"
      }
    }
  }
}
